// !$*UTF8*$!
{
	archiveVersion = 1;
	classes = {
	};
	objectVersion = 46;
	objects = {

/* Begin PBXBuildFile section */
		1A2340ADF32A7EE135167731 /* Pods_Photo_IdeasTests.framework in Frameworks */ = {isa = PBXBuildFile; fileRef = 01547B4CD58A091470655AD0 /* Pods_Photo_IdeasTests.framework */; };
		1D477FD91E98633500E2B535 /* AppDelegate.swift in Sources */ = {isa = PBXBuildFile; fileRef = 1D477FD81E98633500E2B535 /* AppDelegate.swift */; };
		1D477FE01E98633500E2B535 /* Assets.xcassets in Resources */ = {isa = PBXBuildFile; fileRef = 1D477FDF1E98633500E2B535 /* Assets.xcassets */; };
		1D477FE31E98633500E2B535 /* LaunchScreen.storyboard in Resources */ = {isa = PBXBuildFile; fileRef = 1D477FE11E98633500E2B535 /* LaunchScreen.storyboard */; };
		1D477FEE1E98633500E2B535 /* Photo_IdeasTests.swift in Sources */ = {isa = PBXBuildFile; fileRef = 1D477FED1E98633500E2B535 /* Photo_IdeasTests.swift */; };
		1D91C1251E9D40F300584496 /* BaseCameraViewController.swift in Sources */ = {isa = PBXBuildFile; fileRef = 1D91C1241E9D40F300584496 /* BaseCameraViewController.swift */; };
		1DDCE22F1E9C311B0039C082 /* PhotoIdeasAPI.swift in Sources */ = {isa = PBXBuildFile; fileRef = 1DDCE22E1E9C311B0039C082 /* PhotoIdeasAPI.swift */; };
		1DDCE2351E9C3C4C0039C082 /* SwiftyRecordButton.swift in Sources */ = {isa = PBXBuildFile; fileRef = 1DDCE2341E9C3C4B0039C082 /* SwiftyRecordButton.swift */; };
		1DDCE2371E9C3C7F0039C082 /* CameraControlViewController.swift in Sources */ = {isa = PBXBuildFile; fileRef = 1DDCE2361E9C3C7F0039C082 /* CameraControlViewController.swift */; };
		1DDCE2391E9C3D190039C082 /* PhotoAnalysisViewController.swift in Sources */ = {isa = PBXBuildFile; fileRef = 1DDCE2381E9C3D190039C082 /* PhotoAnalysisViewController.swift */; };
		1DDCE23C1E9C3D7A0039C082 /* PhotoAnalysisViewModel.swift in Sources */ = {isa = PBXBuildFile; fileRef = 1DDCE23B1E9C3D7A0039C082 /* PhotoAnalysisViewModel.swift */; };
		1DDCE2AD1E9C452E0039C082 /* Observable+Argo.swift in Sources */ = {isa = PBXBuildFile; fileRef = 1DDCE2AB1E9C452E0039C082 /* Observable+Argo.swift */; };
		1DDCE2AE1E9C452E0039C082 /* Response+Argo.swift in Sources */ = {isa = PBXBuildFile; fileRef = 1DDCE2AC1E9C452E0039C082 /* Response+Argo.swift */; };
		1DDCE2B21E9C49C40039C082 /* Subject.swift in Sources */ = {isa = PBXBuildFile; fileRef = 1DDCE2B11E9C49C40039C082 /* Subject.swift */; };
		1DDCE2B51E9C51350039C082 /* UITableViewCell+Extensions.swift in Sources */ = {isa = PBXBuildFile; fileRef = 1DDCE2B41E9C51350039C082 /* UITableViewCell+Extensions.swift */; };
		1DDCE2B71E9C56E50039C082 /* UIImage+Extensions.swift in Sources */ = {isa = PBXBuildFile; fileRef = 1DDCE2B61E9C56E50039C082 /* UIImage+Extensions.swift */; };
		1DF1CBAF1E9D675E00CC2470 /* SubjectsListViewController.swift in Sources */ = {isa = PBXBuildFile; fileRef = 1DF1CBAE1E9D675E00CC2470 /* SubjectsListViewController.swift */; };
		1DF1CBD41E9D6ECF00CC2470 /* SubjectsViewModel.swift in Sources */ = {isa = PBXBuildFile; fileRef = 1DF1CBD31E9D6ECF00CC2470 /* SubjectsViewModel.swift */; };
		1DF1CBD81E9D711F00CC2470 /* SubjectManager.swift in Sources */ = {isa = PBXBuildFile; fileRef = 1DF1CBD71E9D711F00CC2470 /* SubjectManager.swift */; };
		1DF1CBDC1E9D7B7B00CC2470 /* DatabaseManager.swift in Sources */ = {isa = PBXBuildFile; fileRef = 1DF1CBDB1E9D7B7B00CC2470 /* DatabaseManager.swift */; };
		91E3CA13DA45B7EDE5164851 /* Pods_Photo_Ideas.framework in Frameworks */ = {isa = PBXBuildFile; fileRef = 2D62BD2083781BA1BDB71D37 /* Pods_Photo_Ideas.framework */; };
/* End PBXBuildFile section */

/* Begin PBXContainerItemProxy section */
		1D477FEA1E98633500E2B535 /* PBXContainerItemProxy */ = {
			isa = PBXContainerItemProxy;
			containerPortal = 1D477FCD1E98633500E2B535 /* Project object */;
			proxyType = 1;
			remoteGlobalIDString = 1D477FD41E98633500E2B535;
			remoteInfo = "Photo Ideas";
		};
/* End PBXContainerItemProxy section */

/* Begin PBXFileReference section */
		01547B4CD58A091470655AD0 /* Pods_Photo_IdeasTests.framework */ = {isa = PBXFileReference; explicitFileType = wrapper.framework; includeInIndex = 0; path = Pods_Photo_IdeasTests.framework; sourceTree = BUILT_PRODUCTS_DIR; };
		1D477FD51E98633500E2B535 /* Photo Ideas.app */ = {isa = PBXFileReference; explicitFileType = wrapper.application; includeInIndex = 0; path = "Photo Ideas.app"; sourceTree = BUILT_PRODUCTS_DIR; };
		1D477FD81E98633500E2B535 /* AppDelegate.swift */ = {isa = PBXFileReference; lastKnownFileType = sourcecode.swift; path = AppDelegate.swift; sourceTree = "<group>"; };
		1D477FDF1E98633500E2B535 /* Assets.xcassets */ = {isa = PBXFileReference; lastKnownFileType = folder.assetcatalog; path = Assets.xcassets; sourceTree = "<group>"; };
		1D477FE21E98633500E2B535 /* Base */ = {isa = PBXFileReference; lastKnownFileType = file.storyboard; name = Base; path = Base.lproj/LaunchScreen.storyboard; sourceTree = "<group>"; };
		1D477FE41E98633500E2B535 /* Info.plist */ = {isa = PBXFileReference; lastKnownFileType = text.plist.xml; path = Info.plist; sourceTree = "<group>"; };
		1D477FE91E98633500E2B535 /* Photo IdeasTests.xctest */ = {isa = PBXFileReference; explicitFileType = wrapper.cfbundle; includeInIndex = 0; path = "Photo IdeasTests.xctest"; sourceTree = BUILT_PRODUCTS_DIR; };
		1D477FED1E98633500E2B535 /* Photo_IdeasTests.swift */ = {isa = PBXFileReference; lastKnownFileType = sourcecode.swift; path = Photo_IdeasTests.swift; sourceTree = "<group>"; };
		1D477FEF1E98633500E2B535 /* Info.plist */ = {isa = PBXFileReference; lastKnownFileType = text.plist.xml; path = Info.plist; sourceTree = "<group>"; };
		1D91C1241E9D40F300584496 /* BaseCameraViewController.swift */ = {isa = PBXFileReference; fileEncoding = 4; lastKnownFileType = sourcecode.swift; path = BaseCameraViewController.swift; sourceTree = "<group>"; };
		1DDCE22E1E9C311B0039C082 /* PhotoIdeasAPI.swift */ = {isa = PBXFileReference; fileEncoding = 4; lastKnownFileType = sourcecode.swift; path = PhotoIdeasAPI.swift; sourceTree = "<group>"; };
		1DDCE2341E9C3C4B0039C082 /* SwiftyRecordButton.swift */ = {isa = PBXFileReference; fileEncoding = 4; lastKnownFileType = sourcecode.swift; path = SwiftyRecordButton.swift; sourceTree = "<group>"; };
		1DDCE2361E9C3C7F0039C082 /* CameraControlViewController.swift */ = {isa = PBXFileReference; fileEncoding = 4; lastKnownFileType = sourcecode.swift; path = CameraControlViewController.swift; sourceTree = "<group>"; };
		1DDCE2381E9C3D190039C082 /* PhotoAnalysisViewController.swift */ = {isa = PBXFileReference; fileEncoding = 4; lastKnownFileType = sourcecode.swift; path = PhotoAnalysisViewController.swift; sourceTree = "<group>"; };
		1DDCE23B1E9C3D7A0039C082 /* PhotoAnalysisViewModel.swift */ = {isa = PBXFileReference; fileEncoding = 4; lastKnownFileType = sourcecode.swift; path = PhotoAnalysisViewModel.swift; sourceTree = "<group>"; };
		1DDCE2AB1E9C452E0039C082 /* Observable+Argo.swift */ = {isa = PBXFileReference; fileEncoding = 4; lastKnownFileType = sourcecode.swift; path = "Observable+Argo.swift"; sourceTree = "<group>"; };
		1DDCE2AC1E9C452E0039C082 /* Response+Argo.swift */ = {isa = PBXFileReference; fileEncoding = 4; lastKnownFileType = sourcecode.swift; path = "Response+Argo.swift"; sourceTree = "<group>"; };
		1DDCE2B11E9C49C40039C082 /* Subject.swift */ = {isa = PBXFileReference; fileEncoding = 4; lastKnownFileType = sourcecode.swift; path = Subject.swift; sourceTree = "<group>"; };
		1DDCE2B41E9C51350039C082 /* UITableViewCell+Extensions.swift */ = {isa = PBXFileReference; fileEncoding = 4; lastKnownFileType = sourcecode.swift; path = "UITableViewCell+Extensions.swift"; sourceTree = "<group>"; };
		1DDCE2B61E9C56E50039C082 /* UIImage+Extensions.swift */ = {isa = PBXFileReference; fileEncoding = 4; lastKnownFileType = sourcecode.swift; path = "UIImage+Extensions.swift"; sourceTree = "<group>"; };
		1DF1CBAE1E9D675E00CC2470 /* SubjectsListViewController.swift */ = {isa = PBXFileReference; fileEncoding = 4; lastKnownFileType = sourcecode.swift; path = SubjectsListViewController.swift; sourceTree = "<group>"; };
		1DF1CBD31E9D6ECF00CC2470 /* SubjectsViewModel.swift */ = {isa = PBXFileReference; fileEncoding = 4; lastKnownFileType = sourcecode.swift; path = SubjectsViewModel.swift; sourceTree = "<group>"; };
		1DF1CBD71E9D711F00CC2470 /* SubjectManager.swift */ = {isa = PBXFileReference; fileEncoding = 4; lastKnownFileType = sourcecode.swift; path = SubjectManager.swift; sourceTree = "<group>"; };
		1DF1CBDB1E9D7B7B00CC2470 /* DatabaseManager.swift */ = {isa = PBXFileReference; fileEncoding = 4; lastKnownFileType = sourcecode.swift; path = DatabaseManager.swift; sourceTree = "<group>"; };
		2D62BD2083781BA1BDB71D37 /* Pods_Photo_Ideas.framework */ = {isa = PBXFileReference; explicitFileType = wrapper.framework; includeInIndex = 0; path = Pods_Photo_Ideas.framework; sourceTree = BUILT_PRODUCTS_DIR; };
		4EC8AA05807ECAB87C1247C5 /* Pods-Photo Ideas.debug.xcconfig */ = {isa = PBXFileReference; includeInIndex = 1; lastKnownFileType = text.xcconfig; name = "Pods-Photo Ideas.debug.xcconfig"; path = "Pods/Target Support Files/Pods-Photo Ideas/Pods-Photo Ideas.debug.xcconfig"; sourceTree = "<group>"; };
		654A894C969A65CF362E98E1 /* Pods-Photo Ideas.release.xcconfig */ = {isa = PBXFileReference; includeInIndex = 1; lastKnownFileType = text.xcconfig; name = "Pods-Photo Ideas.release.xcconfig"; path = "Pods/Target Support Files/Pods-Photo Ideas/Pods-Photo Ideas.release.xcconfig"; sourceTree = "<group>"; };
		D579A080C523E8A9C3501053 /* Pods-Photo IdeasTests.debug.xcconfig */ = {isa = PBXFileReference; includeInIndex = 1; lastKnownFileType = text.xcconfig; name = "Pods-Photo IdeasTests.debug.xcconfig"; path = "Pods/Target Support Files/Pods-Photo IdeasTests/Pods-Photo IdeasTests.debug.xcconfig"; sourceTree = "<group>"; };
		DEBC8F136700C59110C77E11 /* Pods-Photo IdeasTests.release.xcconfig */ = {isa = PBXFileReference; includeInIndex = 1; lastKnownFileType = text.xcconfig; name = "Pods-Photo IdeasTests.release.xcconfig"; path = "Pods/Target Support Files/Pods-Photo IdeasTests/Pods-Photo IdeasTests.release.xcconfig"; sourceTree = "<group>"; };
/* End PBXFileReference section */

/* Begin PBXFrameworksBuildPhase section */
		1D477FD21E98633500E2B535 /* Frameworks */ = {
			isa = PBXFrameworksBuildPhase;
			buildActionMask = 2147483647;
			files = (
				91E3CA13DA45B7EDE5164851 /* Pods_Photo_Ideas.framework in Frameworks */,
			);
			runOnlyForDeploymentPostprocessing = 0;
		};
		1D477FE61E98633500E2B535 /* Frameworks */ = {
			isa = PBXFrameworksBuildPhase;
			buildActionMask = 2147483647;
			files = (
				1A2340ADF32A7EE135167731 /* Pods_Photo_IdeasTests.framework in Frameworks */,
			);
			runOnlyForDeploymentPostprocessing = 0;
		};
/* End PBXFrameworksBuildPhase section */

/* Begin PBXGroup section */
		1D477FCC1E98633500E2B535 = {
			isa = PBXGroup;
			children = (
				1D477FD71E98633500E2B535 /* Photo Ideas */,
				1D477FEC1E98633500E2B535 /* Photo IdeasTests */,
				1D477FD61E98633500E2B535 /* Products */,
				9E81E8774FB50504519B3478 /* Pods */,
				D81589A99F44DA6353F2D62C /* Frameworks */,
			);
			sourceTree = "<group>";
		};
		1D477FD61E98633500E2B535 /* Products */ = {
			isa = PBXGroup;
			children = (
				1D477FD51E98633500E2B535 /* Photo Ideas.app */,
				1D477FE91E98633500E2B535 /* Photo IdeasTests.xctest */,
			);
			name = Products;
			sourceTree = "<group>";
		};
		1D477FD71E98633500E2B535 /* Photo Ideas */ = {
			isa = PBXGroup;
			children = (
				1D477FD81E98633500E2B535 /* AppDelegate.swift */,
				1DDCE22E1E9C311B0039C082 /* PhotoIdeasAPI.swift */,
				1DF1CBD71E9D711F00CC2470 /* SubjectManager.swift */,
				1DF1CBDB1E9D7B7B00CC2470 /* DatabaseManager.swift */,
				1DDCE2B31E9C49C80039C082 /* Models */,
				1DDCE23A1E9C3D3A0039C082 /* View Models */,
				1DDCE2321E9C3C1C0039C082 /* Views */,
				1DDCE2B01E9C458D0039C082 /* Extensions */,
				1D477FDF1E98633500E2B535 /* Assets.xcassets */,
				1D477FE11E98633500E2B535 /* LaunchScreen.storyboard */,
				1D477FE41E98633500E2B535 /* Info.plist */,
			);
			path = "Photo Ideas";
			sourceTree = "<group>";
		};
		1D477FEC1E98633500E2B535 /* Photo IdeasTests */ = {
			isa = PBXGroup;
			children = (
				1D477FED1E98633500E2B535 /* Photo_IdeasTests.swift */,
				1D477FEF1E98633500E2B535 /* Info.plist */,
			);
			path = "Photo IdeasTests";
			sourceTree = "<group>";
		};
		1DDCE2321E9C3C1C0039C082 /* Views */ = {
			isa = PBXGroup;
			children = (
				1DDCE2331E9C3C3A0039C082 /* Controllers */,
				1DDCE2341E9C3C4B0039C082 /* SwiftyRecordButton.swift */,
			);
			name = Views;
			sourceTree = "<group>";
		};
		1DDCE2331E9C3C3A0039C082 /* Controllers */ = {
			isa = PBXGroup;
			children = (
				1DDCE2361E9C3C7F0039C082 /* CameraControlViewController.swift */,
				1D91C1241E9D40F300584496 /* BaseCameraViewController.swift */,
				1DDCE2381E9C3D190039C082 /* PhotoAnalysisViewController.swift */,
				1DF1CBAE1E9D675E00CC2470 /* SubjectsListViewController.swift */,
			);
			name = Controllers;
			sourceTree = "<group>";
		};
		1DDCE23A1E9C3D3A0039C082 /* View Models */ = {
			isa = PBXGroup;
			children = (
				1DDCE23B1E9C3D7A0039C082 /* PhotoAnalysisViewModel.swift */,
				1DF1CBD31E9D6ECF00CC2470 /* SubjectsViewModel.swift */,
			);
			name = "View Models";
			sourceTree = "<group>";
		};
		1DDCE2AF1E9C45380039C082 /* Moya+Argo/Rx */ = {
			isa = PBXGroup;
			children = (
				1DDCE2AB1E9C452E0039C082 /* Observable+Argo.swift */,
				1DDCE2AC1E9C452E0039C082 /* Response+Argo.swift */,
			);
			name = "Moya+Argo/Rx";
			sourceTree = "<group>";
		};
		1DDCE2B01E9C458D0039C082 /* Extensions */ = {
			isa = PBXGroup;
			children = (
				1DDCE2AF1E9C45380039C082 /* Moya+Argo/Rx */,
				1DDCE2B41E9C51350039C082 /* UITableViewCell+Extensions.swift */,
				1DDCE2B61E9C56E50039C082 /* UIImage+Extensions.swift */,
			);
			name = Extensions;
			sourceTree = "<group>";
		};
		1DDCE2B31E9C49C80039C082 /* Models */ = {
			isa = PBXGroup;
			children = (
				1DDCE2B11E9C49C40039C082 /* Subject.swift */,
			);
			name = Models;
			sourceTree = "<group>";
		};
		9E81E8774FB50504519B3478 /* Pods */ = {
			isa = PBXGroup;
			children = (
				4EC8AA05807ECAB87C1247C5 /* Pods-Photo Ideas.debug.xcconfig */,
				654A894C969A65CF362E98E1 /* Pods-Photo Ideas.release.xcconfig */,
				D579A080C523E8A9C3501053 /* Pods-Photo IdeasTests.debug.xcconfig */,
				DEBC8F136700C59110C77E11 /* Pods-Photo IdeasTests.release.xcconfig */,
			);
			name = Pods;
			sourceTree = "<group>";
		};
		D81589A99F44DA6353F2D62C /* Frameworks */ = {
			isa = PBXGroup;
			children = (
				2D62BD2083781BA1BDB71D37 /* Pods_Photo_Ideas.framework */,
				01547B4CD58A091470655AD0 /* Pods_Photo_IdeasTests.framework */,
			);
			name = Frameworks;
			sourceTree = "<group>";
		};
/* End PBXGroup section */

/* Begin PBXNativeTarget section */
		1D477FD41E98633500E2B535 /* Photo Ideas */ = {
			isa = PBXNativeTarget;
			buildConfigurationList = 1D477FF21E98633500E2B535 /* Build configuration list for PBXNativeTarget "Photo Ideas" */;
			buildPhases = (
				F4589E234303BD016760FCD6 /* [CP] Check Pods Manifest.lock */,
				1D477FD11E98633500E2B535 /* Sources */,
				1D477FD21E98633500E2B535 /* Frameworks */,
				1D477FD31E98633500E2B535 /* Resources */,
				D98DB71AB676083E2BBAAF2F /* [CP] Embed Pods Frameworks */,
				73B53ED2A72B1B6FB73EC6E1 /* [CP] Copy Pods Resources */,
			);
			buildRules = (
			);
			dependencies = (
			);
			name = "Photo Ideas";
			productName = "Photo Ideas";
			productReference = 1D477FD51E98633500E2B535 /* Photo Ideas.app */;
			productType = "com.apple.product-type.application";
		};
		1D477FE81E98633500E2B535 /* Photo IdeasTests */ = {
			isa = PBXNativeTarget;
			buildConfigurationList = 1D477FF51E98633500E2B535 /* Build configuration list for PBXNativeTarget "Photo IdeasTests" */;
			buildPhases = (
				3927DBFD66B60CA04296DFA6 /* [CP] Check Pods Manifest.lock */,
				1D477FE51E98633500E2B535 /* Sources */,
				1D477FE61E98633500E2B535 /* Frameworks */,
				1D477FE71E98633500E2B535 /* Resources */,
				16799DCA568B7359F38A2247 /* [CP] Embed Pods Frameworks */,
				694030F945BC67246309E956 /* [CP] Copy Pods Resources */,
			);
			buildRules = (
			);
			dependencies = (
				1D477FEB1E98633500E2B535 /* PBXTargetDependency */,
			);
			name = "Photo IdeasTests";
			productName = "Photo IdeasTests";
			productReference = 1D477FE91E98633500E2B535 /* Photo IdeasTests.xctest */;
			productType = "com.apple.product-type.bundle.unit-test";
		};
/* End PBXNativeTarget section */

/* Begin PBXProject section */
		1D477FCD1E98633500E2B535 /* Project object */ = {
			isa = PBXProject;
			attributes = {
				LastSwiftUpdateCheck = 0830;
				LastUpgradeCheck = 0830;
				ORGANIZATIONNAME = "Benjamin Emdon";
				TargetAttributes = {
					1D477FD41E98633500E2B535 = {
						CreatedOnToolsVersion = 8.3;
						DevelopmentTeam = E299TDEV8Z;
						ProvisioningStyle = Automatic;
					};
					1D477FE81E98633500E2B535 = {
						CreatedOnToolsVersion = 8.3;
						ProvisioningStyle = Automatic;
						TestTargetID = 1D477FD41E98633500E2B535;
					};
				};
			};
			buildConfigurationList = 1D477FD01E98633500E2B535 /* Build configuration list for PBXProject "Photo Ideas" */;
			compatibilityVersion = "Xcode 3.2";
			developmentRegion = English;
			hasScannedForEncodings = 0;
			knownRegions = (
				en,
				Base,
			);
			mainGroup = 1D477FCC1E98633500E2B535;
			productRefGroup = 1D477FD61E98633500E2B535 /* Products */;
			projectDirPath = "";
			projectRoot = "";
			targets = (
				1D477FD41E98633500E2B535 /* Photo Ideas */,
				1D477FE81E98633500E2B535 /* Photo IdeasTests */,
			);
		};
/* End PBXProject section */

/* Begin PBXResourcesBuildPhase section */
		1D477FD31E98633500E2B535 /* Resources */ = {
			isa = PBXResourcesBuildPhase;
			buildActionMask = 2147483647;
			files = (
				1D477FE31E98633500E2B535 /* LaunchScreen.storyboard in Resources */,
				1D477FE01E98633500E2B535 /* Assets.xcassets in Resources */,
			);
			runOnlyForDeploymentPostprocessing = 0;
		};
		1D477FE71E98633500E2B535 /* Resources */ = {
			isa = PBXResourcesBuildPhase;
			buildActionMask = 2147483647;
			files = (
			);
			runOnlyForDeploymentPostprocessing = 0;
		};
/* End PBXResourcesBuildPhase section */

/* Begin PBXShellScriptBuildPhase section */
		16799DCA568B7359F38A2247 /* [CP] Embed Pods Frameworks */ = {
			isa = PBXShellScriptBuildPhase;
			buildActionMask = 2147483647;
			files = (
			);
			inputPaths = (
			);
			name = "[CP] Embed Pods Frameworks";
			outputPaths = (
			);
			runOnlyForDeploymentPostprocessing = 0;
			shellPath = /bin/sh;
			shellScript = "\"${SRCROOT}/Pods/Target Support Files/Pods-Photo IdeasTests/Pods-Photo IdeasTests-frameworks.sh\"\n";
			showEnvVarsInLog = 0;
		};
		3927DBFD66B60CA04296DFA6 /* [CP] Check Pods Manifest.lock */ = {
			isa = PBXShellScriptBuildPhase;
			buildActionMask = 2147483647;
			files = (
			);
			inputPaths = (
			);
			name = "[CP] Check Pods Manifest.lock";
			outputPaths = (
			);
			runOnlyForDeploymentPostprocessing = 0;
			shellPath = /bin/sh;
			shellScript = "diff \"${PODS_ROOT}/../Podfile.lock\" \"${PODS_ROOT}/Manifest.lock\" > /dev/null\nif [ $? != 0 ] ; then\n    # print error to STDERR\n    echo \"error: The sandbox is not in sync with the Podfile.lock. Run 'pod install' or update your CocoaPods installation.\" >&2\n    exit 1\nfi\n";
			showEnvVarsInLog = 0;
		};
		694030F945BC67246309E956 /* [CP] Copy Pods Resources */ = {
			isa = PBXShellScriptBuildPhase;
			buildActionMask = 2147483647;
			files = (
			);
			inputPaths = (
			);
			name = "[CP] Copy Pods Resources";
			outputPaths = (
			);
			runOnlyForDeploymentPostprocessing = 0;
			shellPath = /bin/sh;
			shellScript = "\"${SRCROOT}/Pods/Target Support Files/Pods-Photo IdeasTests/Pods-Photo IdeasTests-resources.sh\"\n";
			showEnvVarsInLog = 0;
		};
		73B53ED2A72B1B6FB73EC6E1 /* [CP] Copy Pods Resources */ = {
			isa = PBXShellScriptBuildPhase;
			buildActionMask = 2147483647;
			files = (
			);
			inputPaths = (
			);
			name = "[CP] Copy Pods Resources";
			outputPaths = (
			);
			runOnlyForDeploymentPostprocessing = 0;
			shellPath = /bin/sh;
			shellScript = "\"${SRCROOT}/Pods/Target Support Files/Pods-Photo Ideas/Pods-Photo Ideas-resources.sh\"\n";
			showEnvVarsInLog = 0;
		};
		D98DB71AB676083E2BBAAF2F /* [CP] Embed Pods Frameworks */ = {
			isa = PBXShellScriptBuildPhase;
			buildActionMask = 2147483647;
			files = (
			);
			inputPaths = (
			);
			name = "[CP] Embed Pods Frameworks";
			outputPaths = (
			);
			runOnlyForDeploymentPostprocessing = 0;
			shellPath = /bin/sh;
			shellScript = "\"${SRCROOT}/Pods/Target Support Files/Pods-Photo Ideas/Pods-Photo Ideas-frameworks.sh\"\n";
			showEnvVarsInLog = 0;
		};
		F4589E234303BD016760FCD6 /* [CP] Check Pods Manifest.lock */ = {
			isa = PBXShellScriptBuildPhase;
			buildActionMask = 2147483647;
			files = (
			);
			inputPaths = (
			);
			name = "[CP] Check Pods Manifest.lock";
			outputPaths = (
			);
			runOnlyForDeploymentPostprocessing = 0;
			shellPath = /bin/sh;
			shellScript = "diff \"${PODS_ROOT}/../Podfile.lock\" \"${PODS_ROOT}/Manifest.lock\" > /dev/null\nif [ $? != 0 ] ; then\n    # print error to STDERR\n    echo \"error: The sandbox is not in sync with the Podfile.lock. Run 'pod install' or update your CocoaPods installation.\" >&2\n    exit 1\nfi\n";
			showEnvVarsInLog = 0;
		};
/* End PBXShellScriptBuildPhase section */

/* Begin PBXSourcesBuildPhase section */
		1D477FD11E98633500E2B535 /* Sources */ = {
			isa = PBXSourcesBuildPhase;
			buildActionMask = 2147483647;
			files = (
				1DF1CBDC1E9D7B7B00CC2470 /* DatabaseManager.swift in Sources */,
				1DDCE2351E9C3C4C0039C082 /* SwiftyRecordButton.swift in Sources */,
				1DDCE2AE1E9C452E0039C082 /* Response+Argo.swift in Sources */,
				1D91C1251E9D40F300584496 /* BaseCameraViewController.swift in Sources */,
				1DDCE23C1E9C3D7A0039C082 /* PhotoAnalysisViewModel.swift in Sources */,
				1DDCE2B71E9C56E50039C082 /* UIImage+Extensions.swift in Sources */,
				1DF1CBD41E9D6ECF00CC2470 /* SubjectsViewModel.swift in Sources */,
				1DDCE2391E9C3D190039C082 /* PhotoAnalysisViewController.swift in Sources */,
				1DDCE22F1E9C311B0039C082 /* PhotoIdeasAPI.swift in Sources */,
				1DDCE2B21E9C49C40039C082 /* Subject.swift in Sources */,
				1DF1CBD81E9D711F00CC2470 /* SubjectManager.swift in Sources */,
				1DDCE2B51E9C51350039C082 /* UITableViewCell+Extensions.swift in Sources */,
				1DF1CBAF1E9D675E00CC2470 /* SubjectsListViewController.swift in Sources */,
				1D477FD91E98633500E2B535 /* AppDelegate.swift in Sources */,
				1DDCE2371E9C3C7F0039C082 /* CameraControlViewController.swift in Sources */,
				1DDCE2AD1E9C452E0039C082 /* Observable+Argo.swift in Sources */,
			);
			runOnlyForDeploymentPostprocessing = 0;
		};
		1D477FE51E98633500E2B535 /* Sources */ = {
			isa = PBXSourcesBuildPhase;
			buildActionMask = 2147483647;
			files = (
				1D477FEE1E98633500E2B535 /* Photo_IdeasTests.swift in Sources */,
			);
			runOnlyForDeploymentPostprocessing = 0;
		};
/* End PBXSourcesBuildPhase section */

/* Begin PBXTargetDependency section */
		1D477FEB1E98633500E2B535 /* PBXTargetDependency */ = {
			isa = PBXTargetDependency;
			target = 1D477FD41E98633500E2B535 /* Photo Ideas */;
			targetProxy = 1D477FEA1E98633500E2B535 /* PBXContainerItemProxy */;
		};
/* End PBXTargetDependency section */

/* Begin PBXVariantGroup section */
		1D477FE11E98633500E2B535 /* LaunchScreen.storyboard */ = {
			isa = PBXVariantGroup;
			children = (
				1D477FE21E98633500E2B535 /* Base */,
			);
			name = LaunchScreen.storyboard;
			sourceTree = "<group>";
		};
/* End PBXVariantGroup section */

/* Begin XCBuildConfiguration section */
		1D477FF01E98633500E2B535 /* Debug */ = {
			isa = XCBuildConfiguration;
			buildSettings = {
				ALWAYS_SEARCH_USER_PATHS = NO;
				CLANG_ANALYZER_NONNULL = YES;
				CLANG_ANALYZER_NUMBER_OBJECT_CONVERSION = YES_AGGRESSIVE;
				CLANG_CXX_LANGUAGE_STANDARD = "gnu++0x";
				CLANG_CXX_LIBRARY = "libc++";
				CLANG_ENABLE_MODULES = YES;
				CLANG_ENABLE_OBJC_ARC = YES;
				CLANG_WARN_BOOL_CONVERSION = YES;
				CLANG_WARN_CONSTANT_CONVERSION = YES;
				CLANG_WARN_DIRECT_OBJC_ISA_USAGE = YES_ERROR;
				CLANG_WARN_DOCUMENTATION_COMMENTS = YES;
				CLANG_WARN_EMPTY_BODY = YES;
				CLANG_WARN_ENUM_CONVERSION = YES;
				CLANG_WARN_INFINITE_RECURSION = YES;
				CLANG_WARN_INT_CONVERSION = YES;
				CLANG_WARN_OBJC_ROOT_CLASS = YES_ERROR;
				CLANG_WARN_SUSPICIOUS_MOVE = YES;
				CLANG_WARN_UNREACHABLE_CODE = YES;
				CLANG_WARN__DUPLICATE_METHOD_MATCH = YES;
				"CODE_SIGN_IDENTITY[sdk=iphoneos*]" = "iPhone Developer";
				COPY_PHASE_STRIP = NO;
				DEBUG_INFORMATION_FORMAT = dwarf;
				ENABLE_STRICT_OBJC_MSGSEND = YES;
				ENABLE_TESTABILITY = YES;
				GCC_C_LANGUAGE_STANDARD = gnu99;
				GCC_DYNAMIC_NO_PIC = NO;
				GCC_NO_COMMON_BLOCKS = YES;
				GCC_OPTIMIZATION_LEVEL = 0;
				GCC_PREPROCESSOR_DEFINITIONS = (
					"DEBUG=1",
					"$(inherited)",
				);
				GCC_WARN_64_TO_32_BIT_CONVERSION = YES;
				GCC_WARN_ABOUT_RETURN_TYPE = YES_ERROR;
				GCC_WARN_UNDECLARED_SELECTOR = YES;
				GCC_WARN_UNINITIALIZED_AUTOS = YES_AGGRESSIVE;
				GCC_WARN_UNUSED_FUNCTION = YES;
				GCC_WARN_UNUSED_VARIABLE = YES;
				IPHONEOS_DEPLOYMENT_TARGET = 10.3;
				MTL_ENABLE_DEBUG_INFO = YES;
				ONLY_ACTIVE_ARCH = YES;
				SDKROOT = iphoneos;
				SWIFT_ACTIVE_COMPILATION_CONDITIONS = DEBUG;
				SWIFT_OPTIMIZATION_LEVEL = "-Onone";
				TARGETED_DEVICE_FAMILY = "1,2";
			};
			name = Debug;
		};
		1D477FF11E98633500E2B535 /* Release */ = {
			isa = XCBuildConfiguration;
			buildSettings = {
				ALWAYS_SEARCH_USER_PATHS = NO;
				CLANG_ANALYZER_NONNULL = YES;
				CLANG_ANALYZER_NUMBER_OBJECT_CONVERSION = YES_AGGRESSIVE;
				CLANG_CXX_LANGUAGE_STANDARD = "gnu++0x";
				CLANG_CXX_LIBRARY = "libc++";
				CLANG_ENABLE_MODULES = YES;
				CLANG_ENABLE_OBJC_ARC = YES;
				CLANG_WARN_BOOL_CONVERSION = YES;
				CLANG_WARN_CONSTANT_CONVERSION = YES;
				CLANG_WARN_DIRECT_OBJC_ISA_USAGE = YES_ERROR;
				CLANG_WARN_DOCUMENTATION_COMMENTS = YES;
				CLANG_WARN_EMPTY_BODY = YES;
				CLANG_WARN_ENUM_CONVERSION = YES;
				CLANG_WARN_INFINITE_RECURSION = YES;
				CLANG_WARN_INT_CONVERSION = YES;
				CLANG_WARN_OBJC_ROOT_CLASS = YES_ERROR;
				CLANG_WARN_SUSPICIOUS_MOVE = YES;
				CLANG_WARN_UNREACHABLE_CODE = YES;
				CLANG_WARN__DUPLICATE_METHOD_MATCH = YES;
				"CODE_SIGN_IDENTITY[sdk=iphoneos*]" = "iPhone Developer";
				COPY_PHASE_STRIP = NO;
				DEBUG_INFORMATION_FORMAT = "dwarf-with-dsym";
				ENABLE_NS_ASSERTIONS = NO;
				ENABLE_STRICT_OBJC_MSGSEND = YES;
				GCC_C_LANGUAGE_STANDARD = gnu99;
				GCC_NO_COMMON_BLOCKS = YES;
				GCC_WARN_64_TO_32_BIT_CONVERSION = YES;
				GCC_WARN_ABOUT_RETURN_TYPE = YES_ERROR;
				GCC_WARN_UNDECLARED_SELECTOR = YES;
				GCC_WARN_UNINITIALIZED_AUTOS = YES_AGGRESSIVE;
				GCC_WARN_UNUSED_FUNCTION = YES;
				GCC_WARN_UNUSED_VARIABLE = YES;
				IPHONEOS_DEPLOYMENT_TARGET = 10.3;
				MTL_ENABLE_DEBUG_INFO = NO;
				SDKROOT = iphoneos;
				SWIFT_OPTIMIZATION_LEVEL = "-Owholemodule";
				TARGETED_DEVICE_FAMILY = "1,2";
				VALIDATE_PRODUCT = YES;
			};
			name = Release;
		};
		1D477FF31E98633500E2B535 /* Debug */ = {
			isa = XCBuildConfiguration;
			baseConfigurationReference = 4EC8AA05807ECAB87C1247C5 /* Pods-Photo Ideas.debug.xcconfig */;
			buildSettings = {
				ASSETCATALOG_COMPILER_APPICON_NAME = AppIcon;
				DEVELOPMENT_TEAM = E299TDEV8Z;
				INFOPLIST_FILE = "Photo Ideas/Info.plist";
				IPHONEOS_DEPLOYMENT_TARGET = 10.0;
				LD_RUNPATH_SEARCH_PATHS = "$(inherited) @executable_path/Frameworks";
				PRODUCT_BUNDLE_IDENTIFIER = "io.github.benemdon.Photo-Ideas";
				PRODUCT_NAME = "$(TARGET_NAME)";
				SWIFT_VERSION = 3.0;
			};
			name = Debug;
		};
		1D477FF41E98633500E2B535 /* Release */ = {
			isa = XCBuildConfiguration;
			baseConfigurationReference = 654A894C969A65CF362E98E1 /* Pods-Photo Ideas.release.xcconfig */;
			buildSettings = {
				ASSETCATALOG_COMPILER_APPICON_NAME = AppIcon;
				DEVELOPMENT_TEAM = E299TDEV8Z;
				INFOPLIST_FILE = "Photo Ideas/Info.plist";
				IPHONEOS_DEPLOYMENT_TARGET = 10.0;
				LD_RUNPATH_SEARCH_PATHS = "$(inherited) @executable_path/Frameworks";
				PRODUCT_BUNDLE_IDENTIFIER = "io.github.benemdon.Photo-Ideas";
				PRODUCT_NAME = "$(TARGET_NAME)";
				SWIFT_VERSION = 3.0;
			};
			name = Release;
		};
		1D477FF61E98633500E2B535 /* Debug */ = {
			isa = XCBuildConfiguration;
			baseConfigurationReference = D579A080C523E8A9C3501053 /* Pods-Photo IdeasTests.debug.xcconfig */;
			buildSettings = {
				ALWAYS_EMBED_SWIFT_STANDARD_LIBRARIES = YES;
				BUNDLE_LOADER = "$(TEST_HOST)";
				INFOPLIST_FILE = "Photo IdeasTests/Info.plist";
				LD_RUNPATH_SEARCH_PATHS = "$(inherited) @executable_path/Frameworks @loader_path/Frameworks";
				PRODUCT_BUNDLE_IDENTIFIER = "io.github.benemdon.Photo-IdeasTests";
				PRODUCT_NAME = "$(TARGET_NAME)";
				SWIFT_VERSION = 3.0;
				TEST_HOST = "$(BUILT_PRODUCTS_DIR)/Photo Ideas.app/Photo Ideas";
			};
			name = Debug;
		};
		1D477FF71E98633500E2B535 /* Release */ = {
			isa = XCBuildConfiguration;
			baseConfigurationReference = DEBC8F136700C59110C77E11 /* Pods-Photo IdeasTests.release.xcconfig */;
			buildSettings = {
				ALWAYS_EMBED_SWIFT_STANDARD_LIBRARIES = YES;
				BUNDLE_LOADER = "$(TEST_HOST)";
				INFOPLIST_FILE = "Photo IdeasTests/Info.plist";
				LD_RUNPATH_SEARCH_PATHS = "$(inherited) @executable_path/Frameworks @loader_path/Frameworks";
				PRODUCT_BUNDLE_IDENTIFIER = "io.github.benemdon.Photo-IdeasTests";
				PRODUCT_NAME = "$(TARGET_NAME)";
				SWIFT_VERSION = 3.0;
				TEST_HOST = "$(BUILT_PRODUCTS_DIR)/Photo Ideas.app/Photo Ideas";
			};
			name = Release;
		};
/* End XCBuildConfiguration section */

/* Begin XCConfigurationList section */
		1D477FD01E98633500E2B535 /* Build configuration list for PBXProject "Photo Ideas" */ = {
			isa = XCConfigurationList;
			buildConfigurations = (
				1D477FF01E98633500E2B535 /* Debug */,
				1D477FF11E98633500E2B535 /* Release */,
			);
			defaultConfigurationIsVisible = 0;
			defaultConfigurationName = Release;
		};
		1D477FF21E98633500E2B535 /* Build configuration list for PBXNativeTarget "Photo Ideas" */ = {
			isa = XCConfigurationList;
			buildConfigurations = (
				1D477FF31E98633500E2B535 /* Debug */,
				1D477FF41E98633500E2B535 /* Release */,
			);
			defaultConfigurationIsVisible = 0;
			defaultConfigurationName = Release;
		};
		1D477FF51E98633500E2B535 /* Build configuration list for PBXNativeTarget "Photo IdeasTests" */ = {
			isa = XCConfigurationList;
			buildConfigurations = (
				1D477FF61E98633500E2B535 /* Debug */,
				1D477FF71E98633500E2B535 /* Release */,
			);
			defaultConfigurationIsVisible = 0;
			defaultConfigurationName = Release;
		};
/* End XCConfigurationList section */
	};
	rootObject = 1D477FCD1E98633500E2B535 /* Project object */;
}
